
Microsoft Visual Studio Solution File, Format Version 12.00
# Visual Studio Version 16
VisualStudioVersion = 16.0.31729.503
MinimumVisualStudioVersion = 10.0.40219.1
Project("{FAE04EC0-301F-11D3-BF4B-00C04F79EFBC}") = "WebAPIDemo", "WebAPIDemo\WebAPIDemo.csproj", "{2B6B5DEE-99DD-4D17-AA9A-90C2AC119BC5}"
EndProject
Global
	GlobalSection(SolutionConfigurationPlatforms) = preSolution
		Debug|Any CPU = Debug|Any CPU
		Release|Any CPU = Release|Any CPU
	EndGlobalSection
	GlobalSection(ProjectConfigurationPlatforms) = postSolution
		{2B6B5DEE-99DD-4D17-AA9A-90C2AC119BC5}.Debug|Any CPU.ActiveCfg = Debug|Any CPU
		{2B6B5DEE-99DD-4D17-AA9A-90C2AC119BC5}.Debug|Any CPU.Build.0 = Debug|Any CPU
		{2B6B5DEE-99DD-4D17-AA9A-90C2AC119BC5}.Release|Any CPU.ActiveCfg = Release|Any CPU
		{2B6B5DEE-99DD-4D17-AA9A-90C2AC119BC5}.Release|Any CPU.Build.0 = Release|Any CPU
	EndGlobalSection
	GlobalSection(SolutionProperties) = preSolution
		HideSolutionNode = FALSE
	EndGlobalSection
	GlobalSection(ExtensibilityGlobals) = postSolution
		SolutionGuid = {E9E72496-B7E5-4160-A065-6F84974AE436}
	EndGlobalSection
EndGlobal
